
Microsoft Visual Studio Solution File, Format Version 12.00
# Visual Studio Version 16
VisualStudioVersion = 16.0.31005.135
MinimumVisualStudioVersion = 10.0.40219.1
Project("{9A19103F-16F7-4668-BE54-9A1E7A4F7556}") = "VardoneLibrary", "VardoneLibrary\VardoneLibrary.csproj", "{335A4596-50FA-4E44-BD30-2631C6687A31}"
EndProject
Project("{9A19103F-16F7-4668-BE54-9A1E7A4F7556}") = "VardoneApi", "VardoneApi\VardoneApi.csproj", "{79F04107-5697-41B9-8724-40CE10169DBC}"
EndProject
Project("{9A19103F-16F7-4668-BE54-9A1E7A4F7556}") = "Vardone", "Vardone\Vardone.csproj", "{7DA99F1D-0F71-4000-A40B-E1E1C37615C6}"
EndProject
Project("{9A19103F-16F7-4668-BE54-9A1E7A4F7556}") = "VardoneEntities", "VardoneEntities\VardoneEntities.csproj", "{769C284D-F301-4220-8ADF-8E8950B4D5DC}"
EndProject
Global
	GlobalSection(SolutionConfigurationPlatforms) = preSolution
		Debug|Any CPU = Debug|Any CPU
		Release 4.0|Any CPU = Release 4.0|Any CPU
		Release 4.5|Any CPU = Release 4.5|Any CPU
		Release 4.6.1|Any CPU = Release 4.6.1|Any CPU
		Release|Any CPU = Release|Any CPU
	EndGlobalSection
	GlobalSection(ProjectConfigurationPlatforms) = postSolution
		{335A4596-50FA-4E44-BD30-2631C6687A31}.Debug|Any CPU.ActiveCfg = Debug|Any CPU
		{335A4596-50FA-4E44-BD30-2631C6687A31}.Debug|Any CPU.Build.0 = Debug|Any CPU
		{335A4596-50FA-4E44-BD30-2631C6687A31}.Release 4.0|Any CPU.ActiveCfg = Release|Any CPU
		{335A4596-50FA-4E44-BD30-2631C6687A31}.Release 4.0|Any CPU.Build.0 = Release|Any CPU
		{335A4596-50FA-4E44-BD30-2631C6687A31}.Release 4.5|Any CPU.ActiveCfg = Release|Any CPU
		{335A4596-50FA-4E44-BD30-2631C6687A31}.Release 4.5|Any CPU.Build.0 = Release|Any CPU
		{335A4596-50FA-4E44-BD30-2631C6687A31}.Release 4.6.1|Any CPU.ActiveCfg = Release|Any CPU
		{335A4596-50FA-4E44-BD30-2631C6687A31}.Release 4.6.1|Any CPU.Build.0 = Release|Any CPU
		{335A4596-50FA-4E44-BD30-2631C6687A31}.Release|Any CPU.ActiveCfg = Release|Any CPU
		{335A4596-50FA-4E44-BD30-2631C6687A31}.Release|Any CPU.Build.0 = Release|Any CPU
		{79F04107-5697-41B9-8724-40CE10169DBC}.Debug|Any CPU.ActiveCfg = Debug|Any CPU
		{79F04107-5697-41B9-8724-40CE10169DBC}.Debug|Any CPU.Build.0 = Debug|Any CPU
		{79F04107-5697-41B9-8724-40CE10169DBC}.Release 4.0|Any CPU.ActiveCfg = Release|Any CPU
		{79F04107-5697-41B9-8724-40CE10169DBC}.Release 4.0|Any CPU.Build.0 = Release|Any CPU
		{79F04107-5697-41B9-8724-40CE10169DBC}.Release 4.5|Any CPU.ActiveCfg = Release|Any CPU
		{79F04107-5697-41B9-8724-40CE10169DBC}.Release 4.5|Any CPU.Build.0 = Release|Any CPU
		{79F04107-5697-41B9-8724-40CE10169DBC}.Release 4.6.1|Any CPU.ActiveCfg = Release|Any CPU
		{79F04107-5697-41B9-8724-40CE10169DBC}.Release 4.6.1|Any CPU.Build.0 = Release|Any CPU
		{79F04107-5697-41B9-8724-40CE10169DBC}.Release|Any CPU.ActiveCfg = Release|Any CPU
		{79F04107-5697-41B9-8724-40CE10169DBC}.Release|Any CPU.Build.0 = Release|Any CPU
		{7DA99F1D-0F71-4000-A40B-E1E1C37615C6}.Debug|Any CPU.ActiveCfg = Debug|Any CPU
		{7DA99F1D-0F71-4000-A40B-E1E1C37615C6}.Debug|Any CPU.Build.0 = Debug|Any CPU
		{7DA99F1D-0F71-4000-A40B-E1E1C37615C6}.Release 4.0|Any CPU.ActiveCfg = Release|Any CPU
		{7DA99F1D-0F71-4000-A40B-E1E1C37615C6}.Release 4.0|Any CPU.Build.0 = Release|Any CPU
		{7DA99F1D-0F71-4000-A40B-E1E1C37615C6}.Release 4.5|Any CPU.ActiveCfg = Release|Any CPU
		{7DA99F1D-0F71-4000-A40B-E1E1C37615C6}.Release 4.5|Any CPU.Build.0 = Release|Any CPU
		{7DA99F1D-0F71-4000-A40B-E1E1C37615C6}.Release 4.6.1|Any CPU.ActiveCfg = Release|Any CPU
		{7DA99F1D-0F71-4000-A40B-E1E1C37615C6}.Release 4.6.1|Any CPU.Build.0 = Release|Any CPU
		{7DA99F1D-0F71-4000-A40B-E1E1C37615C6}.Release|Any CPU.ActiveCfg = Release|Any CPU
		{7DA99F1D-0F71-4000-A40B-E1E1C37615C6}.Release|Any CPU.Build.0 = Release|Any CPU
		{769C284D-F301-4220-8ADF-8E8950B4D5DC}.Debug|Any CPU.ActiveCfg = Debug|Any CPU
		{769C284D-F301-4220-8ADF-8E8950B4D5DC}.Debug|Any CPU.Build.0 = Debug|Any CPU
		{769C284D-F301-4220-8ADF-8E8950B4D5DC}.Release 4.0|Any CPU.ActiveCfg = Release|Any CPU
		{769C284D-F301-4220-8ADF-8E8950B4D5DC}.Release 4.0|Any CPU.Build.0 = Release|Any CPU
		{769C284D-F301-4220-8ADF-8E8950B4D5DC}.Release 4.5|Any CPU.ActiveCfg = Release|Any CPU
		{769C284D-F301-4220-8ADF-8E8950B4D5DC}.Release 4.5|Any CPU.Build.0 = Release|Any CPU
		{769C284D-F301-4220-8ADF-8E8950B4D5DC}.Release 4.6.1|Any CPU.ActiveCfg = Release|Any CPU
		{769C284D-F301-4220-8ADF-8E8950B4D5DC}.Release 4.6.1|Any CPU.Build.0 = Release|Any CPU
		{769C284D-F301-4220-8ADF-8E8950B4D5DC}.Release|Any CPU.ActiveCfg = Release|Any CPU
		{769C284D-F301-4220-8ADF-8E8950B4D5DC}.Release|Any CPU.Build.0 = Release|Any CPU
	EndGlobalSection
	GlobalSection(SolutionProperties) = preSolution
		HideSolutionNode = FALSE
	EndGlobalSection
	GlobalSection(ExtensibilityGlobals) = postSolution
		SolutionGuid = {ACD2F151-9431-4785-AF28-E943C679BE12}
	EndGlobalSection
EndGlobal
